{
  "name": "baml_schemas",
  "version": "1.0.0",
  "lockfileVersion": 3,
  "requires": true,
  "packages": {
    "": {
      "name": "baml_schemas",
      "version": "1.0.0",
      "license": "ISC",
      "dependencies": {
        "@boundaryml/baml": "^0.207.1"
      }
    },
    "node_modules/@boundaryml/baml": {
      "version": "0.207.1",
      "resolved": "https://registry.npmjs.org/@boundaryml/baml/-/baml-0.207.1.tgz",
      "integrity": "sha512-w2NhgDNtrLl1XKjS0ERDeS+buchXHyD0LWOizowCTlrGkc6IZ8BmjEmJmErBNcBlFIRI9NqyUJtVsycSZ1HDJw==",
      "license": "MIT",
      "dependencies": {
        "@scarf/scarf": "^1.3.0"
      },
      "bin": {
        "baml": "cli.js",
        "baml-cli": "cli.js"
      },
      "engines": {
        "node": ">= 10"
      },
      "optionalDependencies": {
        "@boundaryml/baml-darwin-arm64": "0.207.1",
        "@boundaryml/baml-darwin-x64": "0.207.1",
        "@boundaryml/baml-linux-arm64-gnu": "0.207.1",
        "@boundaryml/baml-linux-arm64-musl": "0.207.1",
        "@boundaryml/baml-linux-x64-gnu": "0.207.1",
        "@boundaryml/baml-linux-x64-musl": "0.207.1",
        "@boundaryml/baml-win32-x64-msvc": "0.207.1"
      }
    },
    "node_modules/@boundaryml/baml-darwin-arm64": {
      "version": "0.207.1",
      "resolved": "https://registry.npmjs.org/@boundaryml/baml-darwin-arm64/-/baml-darwin-arm64-0.207.1.tgz",
      "integrity": "sha512-RWlboGs+B7l4ysbqWtzZOc5d/2cVCL1WayAbjgM9vnSwXnZjkZz0d15Y6ps6iyrKU5na1R8Y/HuvudJj8mun9A==",
      "cpu": [
        "arm64"
      ],
      "license": "MIT",
      "optional": true,
      "os": [
        "darwin"
      ],
      "engines": {
        "node": ">= 10"
      }
    },
    "node_modules/@boundaryml/baml-darwin-x64": {
      "version": "0.207.1",
      "resolved": "https://registry.npmjs.org/@boundaryml/baml-darwin-x64/-/baml-darwin-x64-0.207.1.tgz",
      "integrity": "sha512-aXDanGKpf+R68BsQv0/lbWQ4dUMvcpX8r/8eGnU9UUOrKjVxZAJvM9jJi+zMdW3RgpDxxCfb5e+jN6RDh4/qOA==",
      "cpu": [
        "x64"
      ],
      "license": "MIT",
      "optional": true,
      "os": [
        "darwin"
      ],
      "engines": {
        "node": ">= 10"
      }
    },
    "node_modules/@boundaryml/baml-linux-arm64-gnu": {
      "version": "0.207.1",
      "resolved": "https://registry.npmjs.org/@boundaryml/baml-linux-arm64-gnu/-/baml-linux-arm64-gnu-0.207.1.tgz",
      "integrity": "sha512-5cfzWsNWPFZH38OFgGR6zg4+5rAo0rkvZ18UZUBn/+XXss6sif7O50QXRaP1UAsL0SvSNLRlgeg5RUlSOgwO3A==",
      "cpu": [
        "arm64"
      ],
      "license": "MIT",
      "optional": true,
      "os": [
        "linux"
      ],
      "engines": {
        "node": ">= 10"
      }
    },
    "node_modules/@boundaryml/baml-linux-arm64-musl": {
      "version": "0.207.1",
      "resolved": "https://registry.npmjs.org/@boundaryml/baml-linux-arm64-musl/-/baml-linux-arm64-musl-0.207.1.tgz",
      "integrity": "sha512-wDFGLYiVQjjDFeGD4GUpM+rwgkteN/r+rYRx9PcT5oOA+Bk96HzjW8EVZnHLsFxKPJLEJzvm3HWKeKKxeec9rw==",
      "cpu": [
        "arm64"
      ],
      "license": "MIT",
      "optional": true,
      "os": [
        "linux"
      ],
      "engines": {
        "node": ">= 10"
      }
    },
    "node_modules/@boundaryml/baml-linux-x64-gnu": {
      "version": "0.207.1",
      "resolved": "https://registry.npmjs.org/@boundaryml/baml-linux-x64-gnu/-/baml-linux-x64-gnu-0.207.1.tgz",
      "integrity": "sha512-aEfPAPyJRGLyzgwYeFPwqIhR8JnP2KzlUon+l2isJENJUiSxvtdASwOsMttdjXKg3+GHoRYhFkJfW38eZ+Skmg==",
      "cpu": [
        "x64"
      ],
      "license": "MIT",
      "optional": true,
      "os": [
        "linux"
      ],
      "engines": {
        "node": ">= 10"
      }
    },
    "node_modules/@boundaryml/baml-linux-x64-musl": {
      "version": "0.207.1",
      "resolved": "https://registry.npmjs.org/@boundaryml/baml-linux-x64-musl/-/baml-linux-x64-musl-0.207.1.tgz",
      "integrity": "sha512-dAepI8ChbzoftRsMEBx3RwT9AZQUY91xZfXNDkwAGwWRJMFpJbSGNaZQWkQY8Fc0A2sjTzu8yuvih0TEprpFLA==",
      "cpu": [
        "x64"
      ],
      "license": "MIT",
      "optional": true,
      "os": [
        "linux"
      ],
      "engines": {
        "node": ">= 10"
      }
    },
    "node_modules/@boundaryml/baml-win32-x64-msvc": {
      "version": "0.207.1",
      "resolved": "https://registry.npmjs.org/@boundaryml/baml-win32-x64-msvc/-/baml-win32-x64-msvc-0.207.1.tgz",
      "integrity": "sha512-u3XzdeSqwtut3QTJf6RoKHF2b9MFxzx1+aYm9s6ahKu1TY6U8e8BHR5H+5e5L6q1ZtqG1x29/UcIzncWQ5vY0Q==",
      "cpu": [
        "x64"
      ],
      "license": "MIT",
      "optional": true,
      "os": [
        "win32"
      ],
      "engines": {
        "node": ">= 10"
      }
    },
    "node_modules/@scarf/scarf": {
      "version": "1.4.0",
      "resolved": "https://registry.npmjs.org/@scarf/scarf/-/scarf-1.4.0.tgz",
      "integrity": "sha512-xxeapPiUXdZAE3che6f3xogoJPeZgig6omHEy1rIY5WVsB3H2BHNnZH+gHG6x91SCWyQCzWGsuL2Hh3ClO5/qQ==",
      "hasInstallScript": true,
      "license": "Apache-2.0"
    }
  }
}
